
Microsoft Visual Studio Solution File, Format Version 12.00
# Visual Studio Version 17
VisualStudioVersion = 17.9.34902.65
MinimumVisualStudioVersion = 10.0.40219.1
Project("{FAE04EC0-301F-11D3-BF4B-00C04F79EFBC}") = "Project_1281818", "Project_1281818\Project_1281818.csproj", "{247E1901-E255-4848-8552-423D826F3111}"
EndProject
Global
	GlobalSection(SolutionConfigurationPlatforms) = preSolution
		Debug|Any CPU = Debug|Any CPU
		Release|Any CPU = Release|Any CPU
	EndGlobalSection
	GlobalSection(ProjectConfigurationPlatforms) = postSolution
		{247E1901-E255-4848-8552-423D826F3111}.Debug|Any CPU.ActiveCfg = Debug|Any CPU
		{247E1901-E255-4848-8552-423D826F3111}.Debug|Any CPU.Build.0 = Debug|Any CPU
		{247E1901-E255-4848-8552-423D826F3111}.Release|Any CPU.ActiveCfg = Release|Any CPU
		{247E1901-E255-4848-8552-423D826F3111}.Release|Any CPU.Build.0 = Release|Any CPU
	EndGlobalSection
	GlobalSection(SolutionProperties) = preSolution
		HideSolutionNode = FALSE
	EndGlobalSection
	GlobalSection(ExtensibilityGlobals) = postSolution
		SolutionGuid = {029F6B6A-0517-4029-89DF-8BCF82D827BE}
	EndGlobalSection
EndGlobal
